
Microsoft Visual Studio Solution File, Format Version 12.00
# Visual Studio Version 17
VisualStudioVersion = 17.3.32611.2
MinimumVisualStudioVersion = 10.0.40219.1
Project("{FAE04EC0-301F-11D3-BF4B-00C04F79EFBC}") = "SudokuSolver", "SudokuSolver\SudokuSolver.csproj", "{5AE8EC93-4A82-4715-B5A8-4759AD941DCD}"
EndProject
Global
	GlobalSection(SolutionConfigurationPlatforms) = preSolution
		Debug|Any CPU = Debug|Any CPU
		Release|Any CPU = Release|Any CPU
	EndGlobalSection
	GlobalSection(ProjectConfigurationPlatforms) = postSolution
		{5AE8EC93-4A82-4715-B5A8-4759AD941DCD}.Debug|Any CPU.ActiveCfg = Debug|Any CPU
		{5AE8EC93-4A82-4715-B5A8-4759AD941DCD}.Debug|Any CPU.Build.0 = Debug|Any CPU
		{5AE8EC93-4A82-4715-B5A8-4759AD941DCD}.Release|Any CPU.ActiveCfg = Release|Any CPU
		{5AE8EC93-4A82-4715-B5A8-4759AD941DCD}.Release|Any CPU.Build.0 = Release|Any CPU
	EndGlobalSection
	GlobalSection(SolutionProperties) = preSolution
		HideSolutionNode = FALSE
	EndGlobalSection
	GlobalSection(ExtensibilityGlobals) = postSolution
		SolutionGuid = {F42A6794-1B0F-4E86-B6B1-E9FB483A0F23}
	EndGlobalSection
EndGlobal
